
Microsoft Visual Studio Solution File, Format Version 12.00
# Visual Studio Version 17
VisualStudioVersion = 17.13.35919.96
MinimumVisualStudioVersion = 10.0.40219.1
Project("{FAE04EC0-301F-11D3-BF4B-00C04F79EFBC}") = "ProductApi", "ProductApi\ProductApi.csproj", "{4149DB5C-8513-4068-80A9-E72EEA5A2B53}"
EndProject
Project("{FAE04EC0-301F-11D3-BF4B-00C04F79EFBC}") = "FrontendApp", "FrontendApp\FrontendApp.csproj", "{8D87A2C5-4A1D-4DFE-B7DC-5817A5FDF187}"
EndProject
Project("{E53339B2-1760-4266-BCC7-CA923CBCF16C}") = "docker-compose", "docker-compose.dcproj", "{81DDED9D-158B-E303-5F62-77A2896D2A5A}"
EndProject
Global
	GlobalSection(SolutionConfigurationPlatforms) = preSolution
		Debug|Any CPU = Debug|Any CPU
		Release|Any CPU = Release|Any CPU
	EndGlobalSection
	GlobalSection(ProjectConfigurationPlatforms) = postSolution
		{4149DB5C-8513-4068-80A9-E72EEA5A2B53}.Debug|Any CPU.ActiveCfg = Debug|Any CPU
		{4149DB5C-8513-4068-80A9-E72EEA5A2B53}.Debug|Any CPU.Build.0 = Debug|Any CPU
		{4149DB5C-8513-4068-80A9-E72EEA5A2B53}.Release|Any CPU.ActiveCfg = Release|Any CPU
		{4149DB5C-8513-4068-80A9-E72EEA5A2B53}.Release|Any CPU.Build.0 = Release|Any CPU
		{8D87A2C5-4A1D-4DFE-B7DC-5817A5FDF187}.Debug|Any CPU.ActiveCfg = Debug|Any CPU
		{8D87A2C5-4A1D-4DFE-B7DC-5817A5FDF187}.Debug|Any CPU.Build.0 = Debug|Any CPU
		{8D87A2C5-4A1D-4DFE-B7DC-5817A5FDF187}.Release|Any CPU.ActiveCfg = Release|Any CPU
		{8D87A2C5-4A1D-4DFE-B7DC-5817A5FDF187}.Release|Any CPU.Build.0 = Release|Any CPU
		{81DDED9D-158B-E303-5F62-77A2896D2A5A}.Debug|Any CPU.ActiveCfg = Debug|Any CPU
		{81DDED9D-158B-E303-5F62-77A2896D2A5A}.Debug|Any CPU.Build.0 = Debug|Any CPU
		{81DDED9D-158B-E303-5F62-77A2896D2A5A}.Release|Any CPU.ActiveCfg = Release|Any CPU
		{81DDED9D-158B-E303-5F62-77A2896D2A5A}.Release|Any CPU.Build.0 = Release|Any CPU
	EndGlobalSection
	GlobalSection(SolutionProperties) = preSolution
		HideSolutionNode = FALSE
	EndGlobalSection
	GlobalSection(ExtensibilityGlobals) = postSolution
		SolutionGuid = {908C5CCD-EA41-4EAD-A172-00C6981735A1}
	EndGlobalSection
EndGlobal
